// !$*UTF8*$!
{
	archiveVersion = 1;
	classes = {
	};
	objectVersion = 51;
	objects = {

/* Begin PBXBuildFile section */
		45162B1D24DA35DD00860B66 /* User.swift in Sources */ = {isa = PBXBuildFile; fileRef = 45162B1C24DA35DD00860B66 /* User.swift */; };
		454569EC24D2A7D8008FE71B /* GoogleService-Info.plist in Resources */ = {isa = PBXBuildFile; fileRef = 454569EB24D2A7D8008FE71B /* GoogleService-Info.plist */; };
		454D93F724E23D1500BD5704 /* AlertDelegate.swift in Sources */ = {isa = PBXBuildFile; fileRef = 454D93F624E23D1500BD5704 /* AlertDelegate.swift */; };
		454DAFF024CEADB200604904 /* AppDelegate.swift in Sources */ = {isa = PBXBuildFile; fileRef = 454DAFEF24CEADB200604904 /* AppDelegate.swift */; };
		454DAFF224CEADB200604904 /* SceneDelegate.swift in Sources */ = {isa = PBXBuildFile; fileRef = 454DAFF124CEADB200604904 /* SceneDelegate.swift */; };
		454DAFF924CEADB200604904 /* Main.storyboard in Resources */ = {isa = PBXBuildFile; fileRef = 454DAFF724CEADB200604904 /* Main.storyboard */; };
		454DAFFB24CEADB500604904 /* Assets.xcassets in Resources */ = {isa = PBXBuildFile; fileRef = 454DAFFA24CEADB500604904 /* Assets.xcassets */; };
		454DAFFE24CEADB500604904 /* LaunchScreen.storyboard in Resources */ = {isa = PBXBuildFile; fileRef = 454DAFFC24CEADB500604904 /* LaunchScreen.storyboard */; };
		454DB00724CEADE900604904 /* CustomCell.swift in Sources */ = {isa = PBXBuildFile; fileRef = 454DB00524CEADE900604904 /* CustomCell.swift */; };
		454DB00824CEADE900604904 /* CustomCell.xib in Resources */ = {isa = PBXBuildFile; fileRef = 454DB00624CEADE900604904 /* CustomCell.xib */; };
		454DB00A24CEAE6D00604904 /* HomeViewController.swift in Sources */ = {isa = PBXBuildFile; fileRef = 454DB00924CEAE6D00604904 /* HomeViewController.swift */; };
		454DB01124CEAF9000604904 /* List.swift in Sources */ = {isa = PBXBuildFile; fileRef = 454DB01024CEAF9000604904 /* List.swift */; };
		454DB01324CEC45000604904 /* My1v1ViewController.swift in Sources */ = {isa = PBXBuildFile; fileRef = 454DB01224CEC45000604904 /* My1v1ViewController.swift */; };
		454DB01524CEC45F00604904 /* UserInfoViewController.swift in Sources */ = {isa = PBXBuildFile; fileRef = 454DB01424CEC45F00604904 /* UserInfoViewController.swift */; };
		454DB01724CEC8C400604904 /* LoginViewController.swift in Sources */ = {isa = PBXBuildFile; fileRef = 454DB01624CEC8C400604904 /* LoginViewController.swift */; };
		4551226624CFD2A000C5294D /* AddViewController.swift in Sources */ = {isa = PBXBuildFile; fileRef = 4551226524CFD2A000C5294D /* AddViewController.swift */; };
		4551226824D163CF00C5294D /* EditViewController.swift in Sources */ = {isa = PBXBuildFile; fileRef = 4551226724D163CF00C5294D /* EditViewController.swift */; };
		4551226A24D16A9200C5294D /* HelpViewController.swift in Sources */ = {isa = PBXBuildFile; fileRef = 4551226924D16A9100C5294D /* HelpViewController.swift */; };
		D929B873C0CACA97DB983860 /* Pods_1v1ForApex.framework in Frameworks */ = {isa = PBXBuildFile; fileRef = 95A8AD6E265FEFCF21AC82E2 /* Pods_1v1ForApex.framework */; };
/* End PBXBuildFile section */

/* Begin PBXFileReference section */
		45162B1C24DA35DD00860B66 /* User.swift */ = {isa = PBXFileReference; lastKnownFileType = sourcecode.swift; path = User.swift; sourceTree = "<group>"; };
		454569EB24D2A7D8008FE71B /* GoogleService-Info.plist */ = {isa = PBXFileReference; fileEncoding = 4; lastKnownFileType = text.plist.xml; path = "GoogleService-Info.plist"; sourceTree = "<group>"; };
		454D93F624E23D1500BD5704 /* AlertDelegate.swift */ = {isa = PBXFileReference; lastKnownFileType = sourcecode.swift; path = AlertDelegate.swift; sourceTree = "<group>"; };
		454DAFEC24CEADB200604904 /* 1v1ForApex.app */ = {isa = PBXFileReference; explicitFileType = wrapper.application; includeInIndex = 0; path = 1v1ForApex.app; sourceTree = BUILT_PRODUCTS_DIR; };
		454DAFEF24CEADB200604904 /* AppDelegate.swift */ = {isa = PBXFileReference; lastKnownFileType = sourcecode.swift; path = AppDelegate.swift; sourceTree = "<group>"; };
		454DAFF124CEADB200604904 /* SceneDelegate.swift */ = {isa = PBXFileReference; lastKnownFileType = sourcecode.swift; path = SceneDelegate.swift; sourceTree = "<group>"; };
		454DAFF824CEADB200604904 /* Base */ = {isa = PBXFileReference; lastKnownFileType = file.storyboard; name = Base; path = Base.lproj/Main.storyboard; sourceTree = "<group>"; };
		454DAFFA24CEADB500604904 /* Assets.xcassets */ = {isa = PBXFileReference; lastKnownFileType = folder.assetcatalog; path = Assets.xcassets; sourceTree = "<group>"; };
		454DAFFD24CEADB500604904 /* Base */ = {isa = PBXFileReference; lastKnownFileType = file.storyboard; name = Base; path = Base.lproj/LaunchScreen.storyboard; sourceTree = "<group>"; };
		454DAFFF24CEADB500604904 /* Info.plist */ = {isa = PBXFileReference; lastKnownFileType = text.plist.xml; path = Info.plist; sourceTree = "<group>"; };
		454DB00524CEADE900604904 /* CustomCell.swift */ = {isa = PBXFileReference; lastKnownFileType = sourcecode.swift; path = CustomCell.swift; sourceTree = "<group>"; };
		454DB00624CEADE900604904 /* CustomCell.xib */ = {isa = PBXFileReference; lastKnownFileType = file.xib; path = CustomCell.xib; sourceTree = "<group>"; };
		454DB00924CEAE6D00604904 /* HomeViewController.swift */ = {isa = PBXFileReference; lastKnownFileType = sourcecode.swift; path = HomeViewController.swift; sourceTree = "<group>"; };
		454DB01024CEAF9000604904 /* List.swift */ = {isa = PBXFileReference; lastKnownFileType = sourcecode.swift; path = List.swift; sourceTree = "<group>"; };
		454DB01224CEC45000604904 /* My1v1ViewController.swift */ = {isa = PBXFileReference; lastKnownFileType = sourcecode.swift; path = My1v1ViewController.swift; sourceTree = "<group>"; };
		454DB01424CEC45F00604904 /* UserInfoViewController.swift */ = {isa = PBXFileReference; lastKnownFileType = sourcecode.swift; path = UserInfoViewController.swift; sourceTree = "<group>"; };
		454DB01624CEC8C400604904 /* LoginViewController.swift */ = {isa = PBXFileReference; lastKnownFileType = sourcecode.swift; path = LoginViewController.swift; sourceTree = "<group>"; };
		4551226524CFD2A000C5294D /* AddViewController.swift */ = {isa = PBXFileReference; lastKnownFileType = sourcecode.swift; path = AddViewController.swift; sourceTree = "<group>"; };
		4551226724D163CF00C5294D /* EditViewController.swift */ = {isa = PBXFileReference; lastKnownFileType = sourcecode.swift; path = EditViewController.swift; sourceTree = "<group>"; };
		4551226924D16A9100C5294D /* HelpViewController.swift */ = {isa = PBXFileReference; lastKnownFileType = sourcecode.swift; path = HelpViewController.swift; sourceTree = "<group>"; };
		490309ECFAE39C5EC5711395 /* Pods-1v1ForApex.debug.xcconfig */ = {isa = PBXFileReference; includeInIndex = 1; lastKnownFileType = text.xcconfig; name = "Pods-1v1ForApex.debug.xcconfig"; path = "Target Support Files/Pods-1v1ForApex/Pods-1v1ForApex.debug.xcconfig"; sourceTree = "<group>"; };
		95A8AD6E265FEFCF21AC82E2 /* Pods_1v1ForApex.framework */ = {isa = PBXFileReference; explicitFileType = wrapper.framework; includeInIndex = 0; path = Pods_1v1ForApex.framework; sourceTree = BUILT_PRODUCTS_DIR; };
		9EB5DAC17768D617D075B1A4 /* Pods-1v1ForApex.release.xcconfig */ = {isa = PBXFileReference; includeInIndex = 1; lastKnownFileType = text.xcconfig; name = "Pods-1v1ForApex.release.xcconfig"; path = "Target Support Files/Pods-1v1ForApex/Pods-1v1ForApex.release.xcconfig"; sourceTree = "<group>"; };
/* End PBXFileReference section */

/* Begin PBXFrameworksBuildPhase section */
		454DAFE924CEADB200604904 /* Frameworks */ = {
			isa = PBXFrameworksBuildPhase;
			buildActionMask = 2147483647;
			files = (
				D929B873C0CACA97DB983860 /* Pods_1v1ForApex.framework in Frameworks */,
			);
			runOnlyForDeploymentPostprocessing = 0;
		};
/* End PBXFrameworksBuildPhase section */

/* Begin PBXGroup section */
		28BB039D18AC01C777D80882 /* Pods */ = {
			isa = PBXGroup;
			children = (
				490309ECFAE39C5EC5711395 /* Pods-1v1ForApex.debug.xcconfig */,
				9EB5DAC17768D617D075B1A4 /* Pods-1v1ForApex.release.xcconfig */,
			);
			path = Pods;
			sourceTree = "<group>";
		};
		454DAFE324CEADB200604904 = {
			isa = PBXGroup;
			children = (
				454DAFEE24CEADB200604904 /* 1v1ForApex */,
				454DAFED24CEADB200604904 /* Products */,
				28BB039D18AC01C777D80882 /* Pods */,
				BBC3582B66C025FC47AEC39A /* Frameworks */,
			);
			sourceTree = "<group>";
		};
		454DAFED24CEADB200604904 /* Products */ = {
			isa = PBXGroup;
			children = (
				454DAFEC24CEADB200604904 /* 1v1ForApex.app */,
			);
			name = Products;
			sourceTree = "<group>";
		};
		454DAFEE24CEADB200604904 /* 1v1ForApex */ = {
			isa = PBXGroup;
			children = (
				454DB00D24CEAF5F00604904 /* View */,
				454DB00C24CEAF5700604904 /* Controller */,
				454DB00B24CEAF4B00604904 /* Model */,
				454DAFFC24CEADB500604904 /* LaunchScreen.storyboard */,
				454DAFFF24CEADB500604904 /* Info.plist */,
				454569EB24D2A7D8008FE71B /* GoogleService-Info.plist */,
			);
			path = 1v1ForApex;
			sourceTree = "<group>";
		};
		454DB00B24CEAF4B00604904 /* Model */ = {
			isa = PBXGroup;
			children = (
				454DB01024CEAF9000604904 /* List.swift */,
				45162B1C24DA35DD00860B66 /* User.swift */,
				454D93F624E23D1500BD5704 /* AlertDelegate.swift */,
			);
			path = Model;
			sourceTree = "<group>";
		};
		454DB00C24CEAF5700604904 /* Controller */ = {
			isa = PBXGroup;
			children = (
				454DAFEF24CEADB200604904 /* AppDelegate.swift */,
				454DAFF124CEADB200604904 /* SceneDelegate.swift */,
				454DB00924CEAE6D00604904 /* HomeViewController.swift */,
				454DB01224CEC45000604904 /* My1v1ViewController.swift */,
				454DB01424CEC45F00604904 /* UserInfoViewController.swift */,
				454DB01624CEC8C400604904 /* LoginViewController.swift */,
				4551226524CFD2A000C5294D /* AddViewController.swift */,
				4551226724D163CF00C5294D /* EditViewController.swift */,
				4551226924D16A9100C5294D /* HelpViewController.swift */,
			);
			path = Controller;
			sourceTree = "<group>";
		};
		454DB00D24CEAF5F00604904 /* View */ = {
			isa = PBXGroup;
			children = (
				454DAFF724CEADB200604904 /* Main.storyboard */,
				454DAFFA24CEADB500604904 /* Assets.xcassets */,
				454DB00524CEADE900604904 /* CustomCell.swift */,
				454DB00624CEADE900604904 /* CustomCell.xib */,
			);
			path = View;
			sourceTree = "<group>";
		};
		BBC3582B66C025FC47AEC39A /* Frameworks */ = {
			isa = PBXGroup;
			children = (
				95A8AD6E265FEFCF21AC82E2 /* Pods_1v1ForApex.framework */,
			);
			name = Frameworks;
			sourceTree = "<group>";
		};
/* End PBXGroup section */

/* Begin PBXNativeTarget section */
		454DAFEB24CEADB200604904 /* 1v1ForApex */ = {
			isa = PBXNativeTarget;
			buildConfigurationList = 454DB00224CEADB500604904 /* Build configuration list for PBXNativeTarget "1v1ForApex" */;
			buildPhases = (
				CB77E65A15D945E5DB405F75 /* [CP] Check Pods Manifest.lock */,
				454DAFE824CEADB200604904 /* Sources */,
				454DAFE924CEADB200604904 /* Frameworks */,
				454DAFEA24CEADB200604904 /* Resources */,
				4FBAB83F3CD40DFAA52DCFFE /* [CP] Embed Pods Frameworks */,
			);
			buildRules = (
			);
			dependencies = (
			);
			name = 1v1ForApex;
			productName = 1v1ForApex;
			productReference = 454DAFEC24CEADB200604904 /* 1v1ForApex.app */;
			productType = "com.apple.product-type.application";
		};
/* End PBXNativeTarget section */

/* Begin PBXProject section */
		454DAFE424CEADB200604904 /* Project object */ = {
			isa = PBXProject;
			attributes = {
				LastSwiftUpdateCheck = 1160;
				LastUpgradeCheck = 1160;
				ORGANIZATIONNAME = "手塚友健";
				TargetAttributes = {
					454DAFEB24CEADB200604904 = {
						CreatedOnToolsVersion = 11.6;
					};
				};
			};
			buildConfigurationList = 454DAFE724CEADB200604904 /* Build configuration list for PBXProject "1v1ForApex" */;
			compatibilityVersion = "Xcode 9.3";
			developmentRegion = en;
			hasScannedForEncodings = 0;
			knownRegions = (
				en,
				Base,
			);
			mainGroup = 454DAFE324CEADB200604904;
			productRefGroup = 454DAFED24CEADB200604904 /* Products */;
			projectDirPath = "";
			projectRoot = "";
			targets = (
				454DAFEB24CEADB200604904 /* 1v1ForApex */,
			);
		};
/* End PBXProject section */

/* Begin PBXResourcesBuildPhase section */
		454DAFEA24CEADB200604904 /* Resources */ = {
			isa = PBXResourcesBuildPhase;
			buildActionMask = 2147483647;
			files = (
				454569EC24D2A7D8008FE71B /* GoogleService-Info.plist in Resources */,
				454DAFFE24CEADB500604904 /* LaunchScreen.storyboard in Resources */,
				454DAFFB24CEADB500604904 /* Assets.xcassets in Resources */,
				454DB00824CEADE900604904 /* CustomCell.xib in Resources */,
				454DAFF924CEADB200604904 /* Main.storyboard in Resources */,
			);
			runOnlyForDeploymentPostprocessing = 0;
		};
/* End PBXResourcesBuildPhase section */

/* Begin PBXShellScriptBuildPhase section */
		4FBAB83F3CD40DFAA52DCFFE /* [CP] Embed Pods Frameworks */ = {
			isa = PBXShellScriptBuildPhase;
			buildActionMask = 2147483647;
			files = (
			);
			inputFileListPaths = (
				"${PODS_ROOT}/Target Support Files/Pods-1v1ForApex/Pods-1v1ForApex-frameworks-${CONFIGURATION}-input-files.xcfilelist",
			);
			name = "[CP] Embed Pods Frameworks";
			outputFileListPaths = (
				"${PODS_ROOT}/Target Support Files/Pods-1v1ForApex/Pods-1v1ForApex-frameworks-${CONFIGURATION}-output-files.xcfilelist",
			);
			runOnlyForDeploymentPostprocessing = 0;
			shellPath = /bin/sh;
			shellScript = "\"${PODS_ROOT}/Target Support Files/Pods-1v1ForApex/Pods-1v1ForApex-frameworks.sh\"\n";
			showEnvVarsInLog = 0;
		};
		CB77E65A15D945E5DB405F75 /* [CP] Check Pods Manifest.lock */ = {
			isa = PBXShellScriptBuildPhase;
			buildActionMask = 2147483647;
			files = (
			);
			inputFileListPaths = (
			);
			inputPaths = (
				"${PODS_PODFILE_DIR_PATH}/Podfile.lock",
				"${PODS_ROOT}/Manifest.lock",
			);
			name = "[CP] Check Pods Manifest.lock";
			outputFileListPaths = (
			);
			outputPaths = (
				"$(DERIVED_FILE_DIR)/Pods-1v1ForApex-checkManifestLockResult.txt",
			);
			runOnlyForDeploymentPostprocessing = 0;
			shellPath = /bin/sh;
			shellScript = "diff \"${PODS_PODFILE_DIR_PATH}/Podfile.lock\" \"${PODS_ROOT}/Manifest.lock\" > /dev/null\nif [ $? != 0 ] ; then\n    # print error to STDERR\n    echo \"error: The sandbox is not in sync with the Podfile.lock. Run 'pod install' or update your CocoaPods installation.\" >&2\n    exit 1\nfi\n# This output is used by Xcode 'outputs' to avoid re-running this script phase.\necho \"SUCCESS\" > \"${SCRIPT_OUTPUT_FILE_0}\"\n";
			showEnvVarsInLog = 0;
		};
/* End PBXShellScriptBuildPhase section */

/* Begin PBXSourcesBuildPhase section */
		454DAFE824CEADB200604904 /* Sources */ = {
			isa = PBXSourcesBuildPhase;
			buildActionMask = 2147483647;
			files = (
				4551226624CFD2A000C5294D /* AddViewController.swift in Sources */,
				454DB00724CEADE900604904 /* CustomCell.swift in Sources */,
				454DB01524CEC45F00604904 /* UserInfoViewController.swift in Sources */,
				454DAFF024CEADB200604904 /* AppDelegate.swift in Sources */,
				454DAFF224CEADB200604904 /* SceneDelegate.swift in Sources */,
				454DB01724CEC8C400604904 /* LoginViewController.swift in Sources */,
				4551226A24D16A9200C5294D /* HelpViewController.swift in Sources */,
				454DB01324CEC45000604904 /* My1v1ViewController.swift in Sources */,
				454D93F724E23D1500BD5704 /* AlertDelegate.swift in Sources */,
				45162B1D24DA35DD00860B66 /* User.swift in Sources */,
				454DB01124CEAF9000604904 /* List.swift in Sources */,
				4551226824D163CF00C5294D /* EditViewController.swift in Sources */,
				454DB00A24CEAE6D00604904 /* HomeViewController.swift in Sources */,
			);
			runOnlyForDeploymentPostprocessing = 0;
		};
/* End PBXSourcesBuildPhase section */

/* Begin PBXVariantGroup section */
		454DAFF724CEADB200604904 /* Main.storyboard */ = {
			isa = PBXVariantGroup;
			children = (
				454DAFF824CEADB200604904 /* Base */,
			);
			name = Main.storyboard;
			sourceTree = "<group>";
		};
		454DAFFC24CEADB500604904 /* LaunchScreen.storyboard */ = {
			isa = PBXVariantGroup;
			children = (
				454DAFFD24CEADB500604904 /* Base */,
			);
			name = LaunchScreen.storyboard;
			sourceTree = "<group>";
		};
/* End PBXVariantGroup section */

/* Begin XCBuildConfiguration section */
		454DB00024CEADB500604904 /* Debug */ = {
			isa = XCBuildConfiguration;
			buildSettings = {
				ALWAYS_SEARCH_USER_PATHS = NO;
				CLANG_ANALYZER_NONNULL = YES;
				CLANG_ANALYZER_NUMBER_OBJECT_CONVERSION = YES_AGGRESSIVE;
				CLANG_CXX_LANGUAGE_STANDARD = "gnu++14";
				CLANG_CXX_LIBRARY = "libc++";
				CLANG_ENABLE_MODULES = YES;
				CLANG_ENABLE_OBJC_ARC = YES;
				CLANG_ENABLE_OBJC_WEAK = YES;
				CLANG_WARN_BLOCK_CAPTURE_AUTORELEASING = YES;
				CLANG_WARN_BOOL_CONVERSION = YES;
				CLANG_WARN_COMMA = YES;
				CLANG_WARN_CONSTANT_CONVERSION = YES;
				CLANG_WARN_DEPRECATED_OBJC_IMPLEMENTATIONS = YES;
				CLANG_WARN_DIRECT_OBJC_ISA_USAGE = YES_ERROR;
				CLANG_WARN_DOCUMENTATION_COMMENTS = YES;
				CLANG_WARN_EMPTY_BODY = YES;
				CLANG_WARN_ENUM_CONVERSION = YES;
				CLANG_WARN_INFINITE_RECURSION = YES;
				CLANG_WARN_INT_CONVERSION = YES;
				CLANG_WARN_NON_LITERAL_NULL_CONVERSION = YES;
				CLANG_WARN_OBJC_IMPLICIT_RETAIN_SELF = YES;
				CLANG_WARN_OBJC_LITERAL_CONVERSION = YES;
				CLANG_WARN_OBJC_ROOT_CLASS = YES_ERROR;
				CLANG_WARN_RANGE_LOOP_ANALYSIS = YES;
				CLANG_WARN_STRICT_PROTOTYPES = YES;
				CLANG_WARN_SUSPICIOUS_MOVE = YES;
				CLANG_WARN_UNGUARDED_AVAILABILITY = YES_AGGRESSIVE;
				CLANG_WARN_UNREACHABLE_CODE = YES;
				CLANG_WARN__DUPLICATE_METHOD_MATCH = YES;
				COPY_PHASE_STRIP = NO;
				DEBUG_INFORMATION_FORMAT = dwarf;
				ENABLE_STRICT_OBJC_MSGSEND = YES;
				ENABLE_TESTABILITY = YES;
				GCC_C_LANGUAGE_STANDARD = gnu11;
				GCC_DYNAMIC_NO_PIC = NO;
				GCC_NO_COMMON_BLOCKS = YES;
				GCC_OPTIMIZATION_LEVEL = 0;
				GCC_PREPROCESSOR_DEFINITIONS = (
					"DEBUG=1",
					"$(inherited)",
				);
				GCC_WARN_64_TO_32_BIT_CONVERSION = YES;
				GCC_WARN_ABOUT_RETURN_TYPE = YES_ERROR;
				GCC_WARN_UNDECLARED_SELECTOR = YES;
				GCC_WARN_UNINITIALIZED_AUTOS = YES_AGGRESSIVE;
				GCC_WARN_UNUSED_FUNCTION = YES;
				GCC_WARN_UNUSED_VARIABLE = YES;
				IPHONEOS_DEPLOYMENT_TARGET = 13.6;
				MTL_ENABLE_DEBUG_INFO = INCLUDE_SOURCE;
				MTL_FAST_MATH = YES;
				ONLY_ACTIVE_ARCH = YES;
				SDKROOT = iphoneos;
				SWIFT_ACTIVE_COMPILATION_CONDITIONS = DEBUG;
				SWIFT_OPTIMIZATION_LEVEL = "-Onone";
			};
			name = Debug;
		};
		454DB00124CEADB500604904 /* Release */ = {
			isa = XCBuildConfiguration;
			buildSettings = {
				ALWAYS_SEARCH_USER_PATHS = NO;
				CLANG_ANALYZER_NONNULL = YES;
				CLANG_ANALYZER_NUMBER_OBJECT_CONVERSION = YES_AGGRESSIVE;
				CLANG_CXX_LANGUAGE_STANDARD = "gnu++14";
				CLANG_CXX_LIBRARY = "libc++";
				CLANG_ENABLE_MODULES = YES;
				CLANG_ENABLE_OBJC_ARC = YES;
				CLANG_ENABLE_OBJC_WEAK = YES;
				CLANG_WARN_BLOCK_CAPTURE_AUTORELEASING = YES;
				CLANG_WARN_BOOL_CONVERSION = YES;
				CLANG_WARN_COMMA = YES;
				CLANG_WARN_CONSTANT_CONVERSION = YES;
				CLANG_WARN_DEPRECATED_OBJC_IMPLEMENTATIONS = YES;
				CLANG_WARN_DIRECT_OBJC_ISA_USAGE = YES_ERROR;
				CLANG_WARN_DOCUMENTATION_COMMENTS = YES;
				CLANG_WARN_EMPTY_BODY = YES;
				CLANG_WARN_ENUM_CONVERSION = YES;
				CLANG_WARN_INFINITE_RECURSION = YES;
				CLANG_WARN_INT_CONVERSION = YES;
				CLANG_WARN_NON_LITERAL_NULL_CONVERSION = YES;
				CLANG_WARN_OBJC_IMPLICIT_RETAIN_SELF = YES;
				CLANG_WARN_OBJC_LITERAL_CONVERSION = YES;
				CLANG_WARN_OBJC_ROOT_CLASS = YES_ERROR;
				CLANG_WARN_RANGE_LOOP_ANALYSIS = YES;
				CLANG_WARN_STRICT_PROTOTYPES = YES;
				CLANG_WARN_SUSPICIOUS_MOVE = YES;
				CLANG_WARN_UNGUARDED_AVAILABILITY = YES_AGGRESSIVE;
				CLANG_WARN_UNREACHABLE_CODE = YES;
				CLANG_WARN__DUPLICATE_METHOD_MATCH = YES;
				COPY_PHASE_STRIP = NO;
				DEBUG_INFORMATION_FORMAT = "dwarf-with-dsym";
				ENABLE_NS_ASSERTIONS = NO;
				ENABLE_STRICT_OBJC_MSGSEND = YES;
				GCC_C_LANGUAGE_STANDARD = gnu11;
				GCC_NO_COMMON_BLOCKS = YES;
				GCC_WARN_64_TO_32_BIT_CONVERSION = YES;
				GCC_WARN_ABOUT_RETURN_TYPE = YES_ERROR;
				GCC_WARN_UNDECLARED_SELECTOR = YES;
				GCC_WARN_UNINITIALIZED_AUTOS = YES_AGGRESSIVE;
				GCC_WARN_UNUSED_FUNCTION = YES;
				GCC_WARN_UNUSED_VARIABLE = YES;
				IPHONEOS_DEPLOYMENT_TARGET = 13.6;
				MTL_ENABLE_DEBUG_INFO = NO;
				MTL_FAST_MATH = YES;
				SDKROOT = iphoneos;
				SWIFT_COMPILATION_MODE = wholemodule;
				SWIFT_OPTIMIZATION_LEVEL = "-O";
				VALIDATE_PRODUCT = YES;
			};
			name = Release;
		};
		454DB00324CEADB500604904 /* Debug */ = {
			isa = XCBuildConfiguration;
			baseConfigurationReference = 490309ECFAE39C5EC5711395 /* Pods-1v1ForApex.debug.xcconfig */;
			buildSettings = {
				ASSETCATALOG_COMPILER_APPICON_NAME = AppIcon;
				CODE_SIGN_STYLE = Automatic;
				INFOPLIST_FILE = 1v1ForApex/Info.plist;
				LD_RUNPATH_SEARCH_PATHS = (
					"$(inherited)",
					"@executable_path/Frameworks",
				);
				PRODUCT_BUNDLE_IDENTIFIER = "com.yuken.-v1ForApex";
				PRODUCT_NAME = "$(TARGET_NAME)";
				SWIFT_VERSION = 5.0;
				TARGETED_DEVICE_FAMILY = 1;
			};
			name = Debug;
		};
		454DB00424CEADB500604904 /* Release */ = {
			isa = XCBuildConfiguration;
			baseConfigurationReference = 9EB5DAC17768D617D075B1A4 /* Pods-1v1ForApex.release.xcconfig */;
			buildSettings = {
				ASSETCATALOG_COMPILER_APPICON_NAME = AppIcon;
				CODE_SIGN_STYLE = Automatic;
				INFOPLIST_FILE = 1v1ForApex/Info.plist;
				LD_RUNPATH_SEARCH_PATHS = (
					"$(inherited)",
					"@executable_path/Frameworks",
				);
				PRODUCT_BUNDLE_IDENTIFIER = "com.yuken.-v1ForApex";
				PRODUCT_NAME = "$(TARGET_NAME)";
				SWIFT_VERSION = 5.0;
				TARGETED_DEVICE_FAMILY = 1;
			};
			name = Release;
		};
/* End XCBuildConfiguration section */

/* Begin XCConfigurationList section */
		454DAFE724CEADB200604904 /* Build configuration list for PBXProject "1v1ForApex" */ = {
			isa = XCConfigurationList;
			buildConfigurations = (
				454DB00024CEADB500604904 /* Debug */,
				454DB00124CEADB500604904 /* Release */,
			);
			defaultConfigurationIsVisible = 0;
			defaultConfigurationName = Release;
		};
		454DB00224CEADB500604904 /* Build configuration list for PBXNativeTarget "1v1ForApex" */ = {
			isa = XCConfigurationList;
			buildConfigurations = (
				454DB00324CEADB500604904 /* Debug */,
				454DB00424CEADB500604904 /* Release */,
			);
			defaultConfigurationIsVisible = 0;
			defaultConfigurationName = Release;
		};
/* End XCConfigurationList section */
	};
	rootObject = 454DAFE424CEADB200604904 /* Project object */;
}
